
Microsoft Visual Studio Solution File, Format Version 12.00
# Visual Studio Version 16
VisualStudioVersion = 16.0.30002.166
MinimumVisualStudioVersion = 10.0.40219.1
Project("{FAE04EC0-301F-11D3-BF4B-00C04F79EFBC}") = "AdventOfCode", "AdventOfCode\AdventOfCode.csproj", "{BE8EBE2A-4F44-44DD-81B9-4B322EE7AED9}"
EndProject
Project("{FAE04EC0-301F-11D3-BF4B-00C04F79EFBC}") = "AdventOfCode.Tests", "AdventOfCode.Tests\AdventOfCode.Tests.csproj", "{9FBA984D-2751-45BA-B28B-D2BAD2A435DC}"
EndProject
Global
	GlobalSection(SolutionConfigurationPlatforms) = preSolution
		Debug|Any CPU = Debug|Any CPU
		Release|Any CPU = Release|Any CPU
	EndGlobalSection
	GlobalSection(ProjectConfigurationPlatforms) = postSolution
		{BE8EBE2A-4F44-44DD-81B9-4B322EE7AED9}.Debug|Any CPU.ActiveCfg = Debug|Any CPU
		{BE8EBE2A-4F44-44DD-81B9-4B322EE7AED9}.Debug|Any CPU.Build.0 = Debug|Any CPU
		{BE8EBE2A-4F44-44DD-81B9-4B322EE7AED9}.Release|Any CPU.ActiveCfg = Release|Any CPU
		{BE8EBE2A-4F44-44DD-81B9-4B322EE7AED9}.Release|Any CPU.Build.0 = Release|Any CPU
		{9FBA984D-2751-45BA-B28B-D2BAD2A435DC}.Debug|Any CPU.ActiveCfg = Debug|Any CPU
		{9FBA984D-2751-45BA-B28B-D2BAD2A435DC}.Debug|Any CPU.Build.0 = Debug|Any CPU
		{9FBA984D-2751-45BA-B28B-D2BAD2A435DC}.Release|Any CPU.ActiveCfg = Release|Any CPU
		{9FBA984D-2751-45BA-B28B-D2BAD2A435DC}.Release|Any CPU.Build.0 = Release|Any CPU
	EndGlobalSection
	GlobalSection(SolutionProperties) = preSolution
		HideSolutionNode = FALSE
	EndGlobalSection
	GlobalSection(ExtensibilityGlobals) = postSolution
		SolutionGuid = {3D65A68B-A1D4-4BD9-AC65-F6241F9059A4}
	EndGlobalSection
EndGlobal
